
Microsoft Visual Studio Solution File, Format Version 12.00
# Visual Studio Version 17
VisualStudioVersion = 17.4.33205.214
MinimumVisualStudioVersion = 10.0.40219.1
Project("{FAE04EC0-301F-11D3-BF4B-00C04F79EFBC}") = "TwoSum", "TwoSum.csproj", "{3962ED78-8290-4DEF-8E00-8D0DEA662566}"
EndProject
Global
	GlobalSection(SolutionConfigurationPlatforms) = preSolution
		Debug|Any CPU = Debug|Any CPU
		Release|Any CPU = Release|Any CPU
	EndGlobalSection
	GlobalSection(ProjectConfigurationPlatforms) = postSolution
		{3962ED78-8290-4DEF-8E00-8D0DEA662566}.Debug|Any CPU.ActiveCfg = Debug|Any CPU
		{3962ED78-8290-4DEF-8E00-8D0DEA662566}.Debug|Any CPU.Build.0 = Debug|Any CPU
		{3962ED78-8290-4DEF-8E00-8D0DEA662566}.Release|Any CPU.ActiveCfg = Release|Any CPU
		{3962ED78-8290-4DEF-8E00-8D0DEA662566}.Release|Any CPU.Build.0 = Release|Any CPU
	EndGlobalSection
	GlobalSection(SolutionProperties) = preSolution
		HideSolutionNode = FALSE
	EndGlobalSection
	GlobalSection(ExtensibilityGlobals) = postSolution
		SolutionGuid = {4FD7585A-961A-4368-B816-5A4C752FFA3C}
	EndGlobalSection
EndGlobal
